
Microsoft Visual Studio Solution File, Format Version 12.00
# Visual Studio Version 16
VisualStudioVersion = 16.0.30717.126
MinimumVisualStudioVersion = 10.0.40219.1
Project("{9A19103F-16F7-4668-BE54-9A1E7A4F7556}") = "Louer.Test", "Louer.Test\Louer.Test.csproj", "{CE98E73E-0788-43F2-9959-2C634297B229}"
EndProject
Project("{2150E333-8FDC-42A3-9474-1A3956D46DE8}") = "1. Presentation", "1. Presentation", "{87CFCBE7-9336-4E54-9BD4-A61FCB7380A7}"
EndProject
Project("{2150E333-8FDC-42A3-9474-1A3956D46DE8}") = "2. Application", "2. Application", "{2CE5F717-FFAD-43C7-B177-F8B9B0AC4239}"
EndProject
Project("{2150E333-8FDC-42A3-9474-1A3956D46DE8}") = "3. Domain", "3. Domain", "{C180F06F-73BB-46A6-A71D-2F3F16E68F3D}"
EndProject
Project("{2150E333-8FDC-42A3-9474-1A3956D46DE8}") = "4. Infra", "4. Infra", "{E472AE52-46B2-4062-82E7-5F37900D738A}"
EndProject
Project("{2150E333-8FDC-42A3-9474-1A3956D46DE8}") = "5. Tests", "5. Tests", "{10FC6348-589F-4790-8AD6-6FCE6AC6EA1D}"
EndProject
Project("{FAE04EC0-301F-11D3-BF4B-00C04F79EFBC}") = "Louer.Application", "Louer.Application\Louer.Application.csproj", "{CD1CF3AF-B4F4-4C1D-B213-6CCE04C4A53C}"
EndProject
Project("{FAE04EC0-301F-11D3-BF4B-00C04F79EFBC}") = "Louer.Domain", "Louer.Domain\Louer.Domain.csproj", "{DFF894AE-9A1E-45F9-92DB-D8BFBCD18B11}"
EndProject
Project("{FAE04EC0-301F-11D3-BF4B-00C04F79EFBC}") = "Louer.Infra", "Louer.Infra\Louer.Infra.csproj", "{2EEEBD33-2354-4897-B103-8D89D4E63F7F}"
EndProject
Project("{FAE04EC0-301F-11D3-BF4B-00C04F79EFBC}") = "Louer.WebApi", "Louer.WebApi\Louer.WebApi.csproj", "{42552F81-506B-4C81-A29E-535BAFD39B58}"
EndProject
Global
	GlobalSection(SolutionConfigurationPlatforms) = preSolution
		Debug|Any CPU = Debug|Any CPU
		Release|Any CPU = Release|Any CPU
	EndGlobalSection
	GlobalSection(ProjectConfigurationPlatforms) = postSolution
		{CE98E73E-0788-43F2-9959-2C634297B229}.Debug|Any CPU.ActiveCfg = Debug|Any CPU
		{CE98E73E-0788-43F2-9959-2C634297B229}.Debug|Any CPU.Build.0 = Debug|Any CPU
		{CE98E73E-0788-43F2-9959-2C634297B229}.Release|Any CPU.ActiveCfg = Release|Any CPU
		{CE98E73E-0788-43F2-9959-2C634297B229}.Release|Any CPU.Build.0 = Release|Any CPU
		{CD1CF3AF-B4F4-4C1D-B213-6CCE04C4A53C}.Debug|Any CPU.ActiveCfg = Debug|Any CPU
		{CD1CF3AF-B4F4-4C1D-B213-6CCE04C4A53C}.Debug|Any CPU.Build.0 = Debug|Any CPU
		{CD1CF3AF-B4F4-4C1D-B213-6CCE04C4A53C}.Release|Any CPU.ActiveCfg = Release|Any CPU
		{CD1CF3AF-B4F4-4C1D-B213-6CCE04C4A53C}.Release|Any CPU.Build.0 = Release|Any CPU
		{DFF894AE-9A1E-45F9-92DB-D8BFBCD18B11}.Debug|Any CPU.ActiveCfg = Debug|Any CPU
		{DFF894AE-9A1E-45F9-92DB-D8BFBCD18B11}.Debug|Any CPU.Build.0 = Debug|Any CPU
		{DFF894AE-9A1E-45F9-92DB-D8BFBCD18B11}.Release|Any CPU.ActiveCfg = Release|Any CPU
		{DFF894AE-9A1E-45F9-92DB-D8BFBCD18B11}.Release|Any CPU.Build.0 = Release|Any CPU
		{2EEEBD33-2354-4897-B103-8D89D4E63F7F}.Debug|Any CPU.ActiveCfg = Debug|Any CPU
		{2EEEBD33-2354-4897-B103-8D89D4E63F7F}.Debug|Any CPU.Build.0 = Debug|Any CPU
		{2EEEBD33-2354-4897-B103-8D89D4E63F7F}.Release|Any CPU.ActiveCfg = Release|Any CPU
		{2EEEBD33-2354-4897-B103-8D89D4E63F7F}.Release|Any CPU.Build.0 = Release|Any CPU
		{42552F81-506B-4C81-A29E-535BAFD39B58}.Debug|Any CPU.ActiveCfg = Debug|Any CPU
		{42552F81-506B-4C81-A29E-535BAFD39B58}.Debug|Any CPU.Build.0 = Debug|Any CPU
		{42552F81-506B-4C81-A29E-535BAFD39B58}.Release|Any CPU.ActiveCfg = Release|Any CPU
		{42552F81-506B-4C81-A29E-535BAFD39B58}.Release|Any CPU.Build.0 = Release|Any CPU
	EndGlobalSection
	GlobalSection(SolutionProperties) = preSolution
		HideSolutionNode = FALSE
	EndGlobalSection
	GlobalSection(NestedProjects) = preSolution
		{CE98E73E-0788-43F2-9959-2C634297B229} = {10FC6348-589F-4790-8AD6-6FCE6AC6EA1D}
		{CD1CF3AF-B4F4-4C1D-B213-6CCE04C4A53C} = {2CE5F717-FFAD-43C7-B177-F8B9B0AC4239}
		{DFF894AE-9A1E-45F9-92DB-D8BFBCD18B11} = {C180F06F-73BB-46A6-A71D-2F3F16E68F3D}
		{2EEEBD33-2354-4897-B103-8D89D4E63F7F} = {E472AE52-46B2-4062-82E7-5F37900D738A}
		{42552F81-506B-4C81-A29E-535BAFD39B58} = {87CFCBE7-9336-4E54-9BD4-A61FCB7380A7}
	EndGlobalSection
	GlobalSection(ExtensibilityGlobals) = postSolution
		SolutionGuid = {55707F1F-C5EB-4F4F-A4E4-E03055779A42}
	EndGlobalSection
EndGlobal
