
Microsoft Visual Studio Solution File, Format Version 12.00
# Visual Studio Version 16
VisualStudioVersion = 16.0.30717.126
MinimumVisualStudioVersion = 10.0.40219.1
Project("{9A19103F-16F7-4668-BE54-9A1E7A4F7556}") = "Louer.Domain", "Louer.Domain\Louer.Domain.csproj", "{65FFDBD9-0465-4891-9301-EAD57E62BE26}"
EndProject
Project("{9A19103F-16F7-4668-BE54-9A1E7A4F7556}") = "Louer.Application", "Louer.Application\Louer.Application.csproj", "{29C638DE-4027-4A1A-B0D3-27429220F285}"
EndProject
Project("{9A19103F-16F7-4668-BE54-9A1E7A4F7556}") = "Louer.Infra", "Louer.Infra\Louer.Infra.csproj", "{0727D832-F8C3-45E9-AE6A-E83A33012368}"
EndProject
Project("{FAE04EC0-301F-11D3-BF4B-00C04F79EFBC}") = "Louer.Test", "Louer.Test\Louer.Test.csproj", "{CE98E73E-0788-43F2-9959-2C634297B229}"
EndProject
Project("{2150E333-8FDC-42A3-9474-1A3956D46DE8}") = "1. Presentation", "1. Presentation", "{87CFCBE7-9336-4E54-9BD4-A61FCB7380A7}"
EndProject
Project("{2150E333-8FDC-42A3-9474-1A3956D46DE8}") = "2. Application", "2. Application", "{2CE5F717-FFAD-43C7-B177-F8B9B0AC4239}"
EndProject
Project("{2150E333-8FDC-42A3-9474-1A3956D46DE8}") = "3. Domain", "3. Domain", "{C180F06F-73BB-46A6-A71D-2F3F16E68F3D}"
EndProject
Project("{2150E333-8FDC-42A3-9474-1A3956D46DE8}") = "4. Infra", "4. Infra", "{E472AE52-46B2-4062-82E7-5F37900D738A}"
EndProject
Project("{2150E333-8FDC-42A3-9474-1A3956D46DE8}") = "5. Tests", "5. Tests", "{10FC6348-589F-4790-8AD6-6FCE6AC6EA1D}"
EndProject
Global
	GlobalSection(SolutionConfigurationPlatforms) = preSolution
		Debug|Any CPU = Debug|Any CPU
		Release|Any CPU = Release|Any CPU
	EndGlobalSection
	GlobalSection(ProjectConfigurationPlatforms) = postSolution
		{65FFDBD9-0465-4891-9301-EAD57E62BE26}.Debug|Any CPU.ActiveCfg = Debug|Any CPU
		{65FFDBD9-0465-4891-9301-EAD57E62BE26}.Debug|Any CPU.Build.0 = Debug|Any CPU
		{65FFDBD9-0465-4891-9301-EAD57E62BE26}.Release|Any CPU.ActiveCfg = Release|Any CPU
		{65FFDBD9-0465-4891-9301-EAD57E62BE26}.Release|Any CPU.Build.0 = Release|Any CPU
		{29C638DE-4027-4A1A-B0D3-27429220F285}.Debug|Any CPU.ActiveCfg = Debug|Any CPU
		{29C638DE-4027-4A1A-B0D3-27429220F285}.Debug|Any CPU.Build.0 = Debug|Any CPU
		{29C638DE-4027-4A1A-B0D3-27429220F285}.Release|Any CPU.ActiveCfg = Release|Any CPU
		{29C638DE-4027-4A1A-B0D3-27429220F285}.Release|Any CPU.Build.0 = Release|Any CPU
		{0727D832-F8C3-45E9-AE6A-E83A33012368}.Debug|Any CPU.ActiveCfg = Debug|Any CPU
		{0727D832-F8C3-45E9-AE6A-E83A33012368}.Debug|Any CPU.Build.0 = Debug|Any CPU
		{0727D832-F8C3-45E9-AE6A-E83A33012368}.Release|Any CPU.ActiveCfg = Release|Any CPU
		{0727D832-F8C3-45E9-AE6A-E83A33012368}.Release|Any CPU.Build.0 = Release|Any CPU
		{CE98E73E-0788-43F2-9959-2C634297B229}.Debug|Any CPU.ActiveCfg = Debug|Any CPU
		{CE98E73E-0788-43F2-9959-2C634297B229}.Debug|Any CPU.Build.0 = Debug|Any CPU
		{CE98E73E-0788-43F2-9959-2C634297B229}.Release|Any CPU.ActiveCfg = Release|Any CPU
		{CE98E73E-0788-43F2-9959-2C634297B229}.Release|Any CPU.Build.0 = Release|Any CPU
	EndGlobalSection
	GlobalSection(SolutionProperties) = preSolution
		HideSolutionNode = FALSE
	EndGlobalSection
	GlobalSection(NestedProjects) = preSolution
		{65FFDBD9-0465-4891-9301-EAD57E62BE26} = {C180F06F-73BB-46A6-A71D-2F3F16E68F3D}
		{29C638DE-4027-4A1A-B0D3-27429220F285} = {2CE5F717-FFAD-43C7-B177-F8B9B0AC4239}
		{0727D832-F8C3-45E9-AE6A-E83A33012368} = {E472AE52-46B2-4062-82E7-5F37900D738A}
		{CE98E73E-0788-43F2-9959-2C634297B229} = {10FC6348-589F-4790-8AD6-6FCE6AC6EA1D}
	EndGlobalSection
	GlobalSection(ExtensibilityGlobals) = postSolution
		SolutionGuid = {55707F1F-C5EB-4F4F-A4E4-E03055779A42}
	EndGlobalSection
EndGlobal
